
Microsoft Visual Studio Solution File, Format Version 12.00
# Visual Studio Version 16
VisualStudioVersion = 16.0.30907.101
MinimumVisualStudioVersion = 10.0.40219.1
Project("{9A19103F-16F7-4668-BE54-9A1E7A4F7556}") = "SomeCustomViews", "SomeCustomViews.csproj", "{0AA954C2-72A4-462C-BE41-5C15B6F70CA6}"
EndProject
Project("{2150E333-8FDC-42A3-9474-1A3956D46DE8}") = "SampleApp", "SampleApp", "{935DA907-C944-4882-B274-3C3C6FC66EF9}"
EndProject
Project("{FAE04EC0-301F-11D3-BF4B-00C04F79EFBC}") = "Sample.Android", "..\Sample\Sample.Android\Sample.Android.csproj", "{7A67C414-3714-4BD5-BA4F-AB73A7920801}"
EndProject
Project("{FAE04EC0-301F-11D3-BF4B-00C04F79EFBC}") = "Sample.iOS", "..\Sample\Sample.iOS\Sample.iOS.csproj", "{3168FA22-495B-410C-8852-68B12CB8735D}"
EndProject
Project("{FAE04EC0-301F-11D3-BF4B-00C04F79EFBC}") = "Sample", "..\Sample\Sample\Sample.csproj", "{DE35E645-E566-469E-A6F7-8961EED121D5}"
EndProject
Global
	GlobalSection(SolutionConfigurationPlatforms) = preSolution
		Debug|Any CPU = Debug|Any CPU
		Debug|iPhone = Debug|iPhone
		Debug|iPhoneSimulator = Debug|iPhoneSimulator
		Release|Any CPU = Release|Any CPU
		Release|iPhone = Release|iPhone
		Release|iPhoneSimulator = Release|iPhoneSimulator
		Simulante|Any CPU = Simulante|Any CPU
		Simulante|iPhone = Simulante|iPhone
		Simulante|iPhoneSimulator = Simulante|iPhoneSimulator
	EndGlobalSection
	GlobalSection(ProjectConfigurationPlatforms) = postSolution
		{0AA954C2-72A4-462C-BE41-5C15B6F70CA6}.Debug|Any CPU.ActiveCfg = Debug|Any CPU
		{0AA954C2-72A4-462C-BE41-5C15B6F70CA6}.Debug|Any CPU.Build.0 = Debug|Any CPU
		{0AA954C2-72A4-462C-BE41-5C15B6F70CA6}.Debug|iPhone.ActiveCfg = Debug|Any CPU
		{0AA954C2-72A4-462C-BE41-5C15B6F70CA6}.Debug|iPhone.Build.0 = Debug|Any CPU
		{0AA954C2-72A4-462C-BE41-5C15B6F70CA6}.Debug|iPhoneSimulator.ActiveCfg = Debug|Any CPU
		{0AA954C2-72A4-462C-BE41-5C15B6F70CA6}.Debug|iPhoneSimulator.Build.0 = Debug|Any CPU
		{0AA954C2-72A4-462C-BE41-5C15B6F70CA6}.Release|Any CPU.ActiveCfg = Release|Any CPU
		{0AA954C2-72A4-462C-BE41-5C15B6F70CA6}.Release|Any CPU.Build.0 = Release|Any CPU
		{0AA954C2-72A4-462C-BE41-5C15B6F70CA6}.Release|iPhone.ActiveCfg = Release|Any CPU
		{0AA954C2-72A4-462C-BE41-5C15B6F70CA6}.Release|iPhone.Build.0 = Release|Any CPU
		{0AA954C2-72A4-462C-BE41-5C15B6F70CA6}.Release|iPhoneSimulator.ActiveCfg = Release|Any CPU
		{0AA954C2-72A4-462C-BE41-5C15B6F70CA6}.Release|iPhoneSimulator.Build.0 = Release|Any CPU
		{0AA954C2-72A4-462C-BE41-5C15B6F70CA6}.Simulante|Any CPU.ActiveCfg = Simulante|Any CPU
		{0AA954C2-72A4-462C-BE41-5C15B6F70CA6}.Simulante|Any CPU.Build.0 = Simulante|Any CPU
		{0AA954C2-72A4-462C-BE41-5C15B6F70CA6}.Simulante|iPhone.ActiveCfg = Simulante|Any CPU
		{0AA954C2-72A4-462C-BE41-5C15B6F70CA6}.Simulante|iPhone.Build.0 = Simulante|Any CPU
		{0AA954C2-72A4-462C-BE41-5C15B6F70CA6}.Simulante|iPhoneSimulator.ActiveCfg = Simulante|Any CPU
		{0AA954C2-72A4-462C-BE41-5C15B6F70CA6}.Simulante|iPhoneSimulator.Build.0 = Simulante|Any CPU
		{7A67C414-3714-4BD5-BA4F-AB73A7920801}.Debug|Any CPU.ActiveCfg = Debug|Any CPU
		{7A67C414-3714-4BD5-BA4F-AB73A7920801}.Debug|Any CPU.Build.0 = Debug|Any CPU
		{7A67C414-3714-4BD5-BA4F-AB73A7920801}.Debug|Any CPU.Deploy.0 = Debug|Any CPU
		{7A67C414-3714-4BD5-BA4F-AB73A7920801}.Debug|iPhone.ActiveCfg = Debug|Any CPU
		{7A67C414-3714-4BD5-BA4F-AB73A7920801}.Debug|iPhone.Build.0 = Debug|Any CPU
		{7A67C414-3714-4BD5-BA4F-AB73A7920801}.Debug|iPhone.Deploy.0 = Debug|Any CPU
		{7A67C414-3714-4BD5-BA4F-AB73A7920801}.Debug|iPhoneSimulator.ActiveCfg = Debug|Any CPU
		{7A67C414-3714-4BD5-BA4F-AB73A7920801}.Debug|iPhoneSimulator.Build.0 = Debug|Any CPU
		{7A67C414-3714-4BD5-BA4F-AB73A7920801}.Debug|iPhoneSimulator.Deploy.0 = Debug|Any CPU
		{7A67C414-3714-4BD5-BA4F-AB73A7920801}.Release|Any CPU.ActiveCfg = Release|Any CPU
		{7A67C414-3714-4BD5-BA4F-AB73A7920801}.Release|Any CPU.Build.0 = Release|Any CPU
		{7A67C414-3714-4BD5-BA4F-AB73A7920801}.Release|Any CPU.Deploy.0 = Release|Any CPU
		{7A67C414-3714-4BD5-BA4F-AB73A7920801}.Release|iPhone.ActiveCfg = Release|Any CPU
		{7A67C414-3714-4BD5-BA4F-AB73A7920801}.Release|iPhone.Build.0 = Release|Any CPU
		{7A67C414-3714-4BD5-BA4F-AB73A7920801}.Release|iPhone.Deploy.0 = Release|Any CPU
		{7A67C414-3714-4BD5-BA4F-AB73A7920801}.Release|iPhoneSimulator.ActiveCfg = Release|Any CPU
		{7A67C414-3714-4BD5-BA4F-AB73A7920801}.Release|iPhoneSimulator.Build.0 = Release|Any CPU
		{7A67C414-3714-4BD5-BA4F-AB73A7920801}.Release|iPhoneSimulator.Deploy.0 = Release|Any CPU
		{7A67C414-3714-4BD5-BA4F-AB73A7920801}.Simulante|Any CPU.ActiveCfg = Debug|Any CPU
		{7A67C414-3714-4BD5-BA4F-AB73A7920801}.Simulante|Any CPU.Build.0 = Debug|Any CPU
		{7A67C414-3714-4BD5-BA4F-AB73A7920801}.Simulante|Any CPU.Deploy.0 = Debug|Any CPU
		{7A67C414-3714-4BD5-BA4F-AB73A7920801}.Simulante|iPhone.ActiveCfg = Debug|Any CPU
		{7A67C414-3714-4BD5-BA4F-AB73A7920801}.Simulante|iPhone.Build.0 = Debug|Any CPU
		{7A67C414-3714-4BD5-BA4F-AB73A7920801}.Simulante|iPhone.Deploy.0 = Debug|Any CPU
		{7A67C414-3714-4BD5-BA4F-AB73A7920801}.Simulante|iPhoneSimulator.ActiveCfg = Debug|Any CPU
		{7A67C414-3714-4BD5-BA4F-AB73A7920801}.Simulante|iPhoneSimulator.Build.0 = Debug|Any CPU
		{7A67C414-3714-4BD5-BA4F-AB73A7920801}.Simulante|iPhoneSimulator.Deploy.0 = Debug|Any CPU
		{3168FA22-495B-410C-8852-68B12CB8735D}.Debug|Any CPU.ActiveCfg = Debug|iPhoneSimulator
		{3168FA22-495B-410C-8852-68B12CB8735D}.Debug|iPhone.ActiveCfg = Debug|iPhone
		{3168FA22-495B-410C-8852-68B12CB8735D}.Debug|iPhone.Build.0 = Debug|iPhone
		{3168FA22-495B-410C-8852-68B12CB8735D}.Debug|iPhoneSimulator.ActiveCfg = Debug|iPhoneSimulator
		{3168FA22-495B-410C-8852-68B12CB8735D}.Debug|iPhoneSimulator.Build.0 = Debug|iPhoneSimulator
		{3168FA22-495B-410C-8852-68B12CB8735D}.Release|Any CPU.ActiveCfg = Release|iPhoneSimulator
		{3168FA22-495B-410C-8852-68B12CB8735D}.Release|iPhone.ActiveCfg = Release|iPhone
		{3168FA22-495B-410C-8852-68B12CB8735D}.Release|iPhone.Build.0 = Release|iPhone
		{3168FA22-495B-410C-8852-68B12CB8735D}.Release|iPhoneSimulator.ActiveCfg = Release|iPhoneSimulator
		{3168FA22-495B-410C-8852-68B12CB8735D}.Release|iPhoneSimulator.Build.0 = Release|iPhoneSimulator
		{3168FA22-495B-410C-8852-68B12CB8735D}.Simulante|Any CPU.ActiveCfg = Debug|iPhoneSimulator
		{3168FA22-495B-410C-8852-68B12CB8735D}.Simulante|Any CPU.Build.0 = Debug|iPhoneSimulator
		{3168FA22-495B-410C-8852-68B12CB8735D}.Simulante|iPhone.ActiveCfg = Debug|iPhone
		{3168FA22-495B-410C-8852-68B12CB8735D}.Simulante|iPhone.Build.0 = Debug|iPhone
		{3168FA22-495B-410C-8852-68B12CB8735D}.Simulante|iPhoneSimulator.ActiveCfg = Debug|iPhoneSimulator
		{3168FA22-495B-410C-8852-68B12CB8735D}.Simulante|iPhoneSimulator.Build.0 = Debug|iPhoneSimulator
		{DE35E645-E566-469E-A6F7-8961EED121D5}.Debug|Any CPU.ActiveCfg = Debug|Any CPU
		{DE35E645-E566-469E-A6F7-8961EED121D5}.Debug|Any CPU.Build.0 = Debug|Any CPU
		{DE35E645-E566-469E-A6F7-8961EED121D5}.Debug|iPhone.ActiveCfg = Debug|Any CPU
		{DE35E645-E566-469E-A6F7-8961EED121D5}.Debug|iPhone.Build.0 = Debug|Any CPU
		{DE35E645-E566-469E-A6F7-8961EED121D5}.Debug|iPhoneSimulator.ActiveCfg = Debug|Any CPU
		{DE35E645-E566-469E-A6F7-8961EED121D5}.Debug|iPhoneSimulator.Build.0 = Debug|Any CPU
		{DE35E645-E566-469E-A6F7-8961EED121D5}.Release|Any CPU.ActiveCfg = Release|Any CPU
		{DE35E645-E566-469E-A6F7-8961EED121D5}.Release|Any CPU.Build.0 = Release|Any CPU
		{DE35E645-E566-469E-A6F7-8961EED121D5}.Release|iPhone.ActiveCfg = Release|Any CPU
		{DE35E645-E566-469E-A6F7-8961EED121D5}.Release|iPhone.Build.0 = Release|Any CPU
		{DE35E645-E566-469E-A6F7-8961EED121D5}.Release|iPhoneSimulator.ActiveCfg = Release|Any CPU
		{DE35E645-E566-469E-A6F7-8961EED121D5}.Release|iPhoneSimulator.Build.0 = Release|Any CPU
		{DE35E645-E566-469E-A6F7-8961EED121D5}.Simulante|Any CPU.ActiveCfg = Debug|Any CPU
		{DE35E645-E566-469E-A6F7-8961EED121D5}.Simulante|Any CPU.Build.0 = Debug|Any CPU
		{DE35E645-E566-469E-A6F7-8961EED121D5}.Simulante|iPhone.ActiveCfg = Debug|Any CPU
		{DE35E645-E566-469E-A6F7-8961EED121D5}.Simulante|iPhone.Build.0 = Debug|Any CPU
		{DE35E645-E566-469E-A6F7-8961EED121D5}.Simulante|iPhoneSimulator.ActiveCfg = Debug|Any CPU
		{DE35E645-E566-469E-A6F7-8961EED121D5}.Simulante|iPhoneSimulator.Build.0 = Debug|Any CPU
	EndGlobalSection
	GlobalSection(SolutionProperties) = preSolution
		HideSolutionNode = FALSE
	EndGlobalSection
	GlobalSection(NestedProjects) = preSolution
		{7A67C414-3714-4BD5-BA4F-AB73A7920801} = {935DA907-C944-4882-B274-3C3C6FC66EF9}
		{3168FA22-495B-410C-8852-68B12CB8735D} = {935DA907-C944-4882-B274-3C3C6FC66EF9}
		{DE35E645-E566-469E-A6F7-8961EED121D5} = {935DA907-C944-4882-B274-3C3C6FC66EF9}
	EndGlobalSection
	GlobalSection(ExtensibilityGlobals) = postSolution
		SolutionGuid = {66B385FA-380A-435E-83C5-1C0B6B749FB7}
	EndGlobalSection
EndGlobal
